// !$*UTF8*$!
{
	archiveVersion = 1;
	classes = {
	};
	objectVersion = 56;
	objects = {

/* Begin PBXBuildFile section */
		C14B186F2CB3E3BE003597B8 /* step_win_goalApp.swift in Sources */ = {isa = PBXBuildFile; fileRef = C14B186E2CB3E3BE003597B8 /* step_win_goalApp.swift */; };
		C14B18732CB3E3C0003597B8 /* Assets.xcassets in Resources */ = {isa = PBXBuildFile; fileRef = C14B18722CB3E3C0003597B8 /* Assets.xcassets */; };
		C14B18762CB3E3C0003597B8 /* Preview Assets.xcassets in Resources */ = {isa = PBXBuildFile; fileRef = C14B18752CB3E3C0003597B8 /* Preview Assets.xcassets */; };
		C14B187E2CB3E4A0003597B8 /* ActivitySummaryView.swift in Sources */ = {isa = PBXBuildFile; fileRef = C14B187D2CB3E4A0003597B8 /* ActivitySummaryView.swift */; };
		C14B18802CB3E4BA003597B8 /* ActivityViewModel.swift in Sources */ = {isa = PBXBuildFile; fileRef = C14B187F2CB3E4BA003597B8 /* ActivityViewModel.swift */; };
		C14B18822CB3E4D4003597B8 /* HealthKitManager.swift in Sources */ = {isa = PBXBuildFile; fileRef = C14B18812CB3E4D4003597B8 /* HealthKitManager.swift */; };
		C14B18882CB41894003597B8 /* FormattedDate.swift in Sources */ = {isa = PBXBuildFile; fileRef = C14B18872CB41894003597B8 /* FormattedDate.swift */; };
		C14B188A2CB4E489003597B8 /* HistoryView.swift in Sources */ = {isa = PBXBuildFile; fileRef = C14B18892CB4E489003597B8 /* HistoryView.swift */; };
		C14B188C2CB4E49B003597B8 /* HistoryViewModel.swift in Sources */ = {isa = PBXBuildFile; fileRef = C14B188B2CB4E49B003597B8 /* HistoryViewModel.swift */; };
		C14B188E2CB4E508003597B8 /* TabBarView.swift in Sources */ = {isa = PBXBuildFile; fileRef = C14B188D2CB4E508003597B8 /* TabBarView.swift */; };
		C14B18902CB4E6DC003597B8 /* AchievementView.swift in Sources */ = {isa = PBXBuildFile; fileRef = C14B188F2CB4E6DC003597B8 /* AchievementView.swift */; };
		C14B18922CB4E6EB003597B8 /* AchievementViewModel.swift in Sources */ = {isa = PBXBuildFile; fileRef = C14B18912CB4E6EB003597B8 /* AchievementViewModel.swift */; };
		C14B18942CB4E808003597B8 /* ArcJoin.swift in Sources */ = {isa = PBXBuildFile; fileRef = C14B18932CB4E808003597B8 /* ArcJoin.swift */; };
		C14B189C2CB53EF0003597B8 /* SwiftUICharts in Frameworks */ = {isa = PBXBuildFile; productRef = C14B189B2CB53EF0003597B8 /* SwiftUICharts */; };
		C14B189E2CB56EC5003597B8 /* AchivmentImage.swift in Sources */ = {isa = PBXBuildFile; fileRef = C14B189D2CB56EC5003597B8 /* AchivmentImage.swift */; };
		C14B18A02CB6BD4C003597B8 /* Localizable.xcstrings in Resources */ = {isa = PBXBuildFile; fileRef = C14B189F2CB6BD4C003597B8 /* Localizable.xcstrings */; };
/* End PBXBuildFile section */

/* Begin PBXFileReference section */
		C14B186B2CB3E3BE003597B8 /* step_win_goal.app */ = {isa = PBXFileReference; explicitFileType = wrapper.application; includeInIndex = 0; path = step_win_goal.app; sourceTree = BUILT_PRODUCTS_DIR; };
		C14B186E2CB3E3BE003597B8 /* step_win_goalApp.swift */ = {isa = PBXFileReference; lastKnownFileType = sourcecode.swift; path = step_win_goalApp.swift; sourceTree = "<group>"; };
		C14B18722CB3E3C0003597B8 /* Assets.xcassets */ = {isa = PBXFileReference; lastKnownFileType = folder.assetcatalog; path = Assets.xcassets; sourceTree = "<group>"; };
		C14B18752CB3E3C0003597B8 /* Preview Assets.xcassets */ = {isa = PBXFileReference; lastKnownFileType = folder.assetcatalog; path = "Preview Assets.xcassets"; sourceTree = "<group>"; };
		C14B187D2CB3E4A0003597B8 /* ActivitySummaryView.swift */ = {isa = PBXFileReference; lastKnownFileType = sourcecode.swift; path = ActivitySummaryView.swift; sourceTree = "<group>"; };
		C14B187F2CB3E4BA003597B8 /* ActivityViewModel.swift */ = {isa = PBXFileReference; lastKnownFileType = sourcecode.swift; path = ActivityViewModel.swift; sourceTree = "<group>"; };
		C14B18812CB3E4D4003597B8 /* HealthKitManager.swift */ = {isa = PBXFileReference; lastKnownFileType = sourcecode.swift; path = HealthKitManager.swift; sourceTree = "<group>"; };
		C14B18832CB3E760003597B8 /* step_win_goal.entitlements */ = {isa = PBXFileReference; lastKnownFileType = text.plist.entitlements; path = step_win_goal.entitlements; sourceTree = "<group>"; };
		C14B18872CB41894003597B8 /* FormattedDate.swift */ = {isa = PBXFileReference; lastKnownFileType = sourcecode.swift; path = FormattedDate.swift; sourceTree = "<group>"; };
		C14B18892CB4E489003597B8 /* HistoryView.swift */ = {isa = PBXFileReference; lastKnownFileType = sourcecode.swift; path = HistoryView.swift; sourceTree = "<group>"; };
		C14B188B2CB4E49B003597B8 /* HistoryViewModel.swift */ = {isa = PBXFileReference; lastKnownFileType = sourcecode.swift; path = HistoryViewModel.swift; sourceTree = "<group>"; };
		C14B188D2CB4E508003597B8 /* TabBarView.swift */ = {isa = PBXFileReference; lastKnownFileType = sourcecode.swift; path = TabBarView.swift; sourceTree = "<group>"; };
		C14B188F2CB4E6DC003597B8 /* AchievementView.swift */ = {isa = PBXFileReference; lastKnownFileType = sourcecode.swift; path = AchievementView.swift; sourceTree = "<group>"; };
		C14B18912CB4E6EB003597B8 /* AchievementViewModel.swift */ = {isa = PBXFileReference; lastKnownFileType = sourcecode.swift; path = AchievementViewModel.swift; sourceTree = "<group>"; };
		C14B18932CB4E808003597B8 /* ArcJoin.swift */ = {isa = PBXFileReference; lastKnownFileType = sourcecode.swift; path = ArcJoin.swift; sourceTree = "<group>"; };
		C14B189D2CB56EC5003597B8 /* AchivmentImage.swift */ = {isa = PBXFileReference; lastKnownFileType = sourcecode.swift; path = AchivmentImage.swift; sourceTree = "<group>"; };
		C14B189F2CB6BD4C003597B8 /* Localizable.xcstrings */ = {isa = PBXFileReference; lastKnownFileType = text.json.xcstrings; path = Localizable.xcstrings; sourceTree = "<group>"; };
		C14B18A12CB6DB22003597B8 /* step-win-goal-Info.plist */ = {isa = PBXFileReference; lastKnownFileType = text.plist; path = "step-win-goal-Info.plist"; sourceTree = SOURCE_ROOT; };
/* End PBXFileReference section */

/* Begin PBXFrameworksBuildPhase section */
		C14B18682CB3E3BE003597B8 /* Frameworks */ = {
			isa = PBXFrameworksBuildPhase;
			buildActionMask = 2147483647;
			files = (
				C14B189C2CB53EF0003597B8 /* SwiftUICharts in Frameworks */,
			);
			runOnlyForDeploymentPostprocessing = 0;
		};
/* End PBXFrameworksBuildPhase section */

/* Begin PBXGroup section */
		C14B18622CB3E3BE003597B8 = {
			isa = PBXGroup;
			children = (
				C14B186D2CB3E3BE003597B8 /* step_win_goal */,
				C14B186C2CB3E3BE003597B8 /* Products */,
			);
			sourceTree = "<group>";
		};
		C14B186C2CB3E3BE003597B8 /* Products */ = {
			isa = PBXGroup;
			children = (
				C14B186B2CB3E3BE003597B8 /* step_win_goal.app */,
			);
			name = Products;
			sourceTree = "<group>";
		};
		C14B186D2CB3E3BE003597B8 /* step_win_goal */ = {
			isa = PBXGroup;
			children = (
				C14B18A12CB6DB22003597B8 /* step-win-goal-Info.plist */,
				C14B18832CB3E760003597B8 /* step_win_goal.entitlements */,
				C14B186E2CB3E3BE003597B8 /* step_win_goalApp.swift */,
				C14B18812CB3E4D4003597B8 /* HealthKitManager.swift */,
				C14B18872CB41894003597B8 /* FormattedDate.swift */,
				C14B18932CB4E808003597B8 /* ArcJoin.swift */,
				C14B187C2CB3E470003597B8 /* Screens */,
				C14B18722CB3E3C0003597B8 /* Assets.xcassets */,
				C14B189F2CB6BD4C003597B8 /* Localizable.xcstrings */,
				C14B18742CB3E3C0003597B8 /* Preview Content */,
			);
			path = step_win_goal;
			sourceTree = "<group>";
		};
		C14B18742CB3E3C0003597B8 /* Preview Content */ = {
			isa = PBXGroup;
			children = (
				C14B18752CB3E3C0003597B8 /* Preview Assets.xcassets */,
			);
			path = "Preview Content";
			sourceTree = "<group>";
		};
		C14B187C2CB3E470003597B8 /* Screens */ = {
			isa = PBXGroup;
			children = (
				C14B187D2CB3E4A0003597B8 /* ActivitySummaryView.swift */,
				C14B187F2CB3E4BA003597B8 /* ActivityViewModel.swift */,
				C14B18892CB4E489003597B8 /* HistoryView.swift */,
				C14B188B2CB4E49B003597B8 /* HistoryViewModel.swift */,
				C14B188F2CB4E6DC003597B8 /* AchievementView.swift */,
				C14B18912CB4E6EB003597B8 /* AchievementViewModel.swift */,
				C14B189D2CB56EC5003597B8 /* AchivmentImage.swift */,
				C14B188D2CB4E508003597B8 /* TabBarView.swift */,
			);
			path = Screens;
			sourceTree = "<group>";
		};
/* End PBXGroup section */

/* Begin PBXNativeTarget section */
		C14B186A2CB3E3BE003597B8 /* step_win_goal */ = {
			isa = PBXNativeTarget;
			buildConfigurationList = C14B18792CB3E3C0003597B8 /* Build configuration list for PBXNativeTarget "step_win_goal" */;
			buildPhases = (
				C14B18672CB3E3BE003597B8 /* Sources */,
				C14B18682CB3E3BE003597B8 /* Frameworks */,
				C14B18692CB3E3BE003597B8 /* Resources */,
			);
			buildRules = (
			);
			dependencies = (
			);
			name = step_win_goal;
			packageProductDependencies = (
				C14B189B2CB53EF0003597B8 /* SwiftUICharts */,
			);
			productName = step_win_goal;
			productReference = C14B186B2CB3E3BE003597B8 /* step_win_goal.app */;
			productType = "com.apple.product-type.application";
		};
/* End PBXNativeTarget section */

/* Begin PBXProject section */
		C14B18632CB3E3BE003597B8 /* Project object */ = {
			isa = PBXProject;
			attributes = {
				BuildIndependentTargetsInParallel = 1;
				LastSwiftUpdateCheck = 1540;
				LastUpgradeCheck = 1540;
				TargetAttributes = {
					C14B186A2CB3E3BE003597B8 = {
						CreatedOnToolsVersion = 15.4;
					};
				};
			};
			buildConfigurationList = C14B18662CB3E3BE003597B8 /* Build configuration list for PBXProject "step_win_goal" */;
			compatibilityVersion = "Xcode 14.0";
			developmentRegion = en;
			hasScannedForEncodings = 0;
			knownRegions = (
				en,
				Base,
				ru,
			);
			mainGroup = C14B18622CB3E3BE003597B8;
			packageReferences = (
				C14B189A2CB53EF0003597B8 /* XCRemoteSwiftPackageReference "SwiftUICharts" */,
			);
			productRefGroup = C14B186C2CB3E3BE003597B8 /* Products */;
			projectDirPath = "";
			projectRoot = "";
			targets = (
				C14B186A2CB3E3BE003597B8 /* step_win_goal */,
			);
		};
/* End PBXProject section */

/* Begin PBXResourcesBuildPhase section */
		C14B18692CB3E3BE003597B8 /* Resources */ = {
			isa = PBXResourcesBuildPhase;
			buildActionMask = 2147483647;
			files = (
				C14B18762CB3E3C0003597B8 /* Preview Assets.xcassets in Resources */,
				C14B18732CB3E3C0003597B8 /* Assets.xcassets in Resources */,
				C14B18A02CB6BD4C003597B8 /* Localizable.xcstrings in Resources */,
			);
			runOnlyForDeploymentPostprocessing = 0;
		};
/* End PBXResourcesBuildPhase section */

/* Begin PBXSourcesBuildPhase section */
		C14B18672CB3E3BE003597B8 /* Sources */ = {
			isa = PBXSourcesBuildPhase;
			buildActionMask = 2147483647;
			files = (
				C14B18942CB4E808003597B8 /* ArcJoin.swift in Sources */,
				C14B187E2CB3E4A0003597B8 /* ActivitySummaryView.swift in Sources */,
				C14B188A2CB4E489003597B8 /* HistoryView.swift in Sources */,
				C14B188E2CB4E508003597B8 /* TabBarView.swift in Sources */,
				C14B189E2CB56EC5003597B8 /* AchivmentImage.swift in Sources */,
				C14B186F2CB3E3BE003597B8 /* step_win_goalApp.swift in Sources */,
				C14B18922CB4E6EB003597B8 /* AchievementViewModel.swift in Sources */,
				C14B18902CB4E6DC003597B8 /* AchievementView.swift in Sources */,
				C14B18822CB3E4D4003597B8 /* HealthKitManager.swift in Sources */,
				C14B18802CB3E4BA003597B8 /* ActivityViewModel.swift in Sources */,
				C14B18882CB41894003597B8 /* FormattedDate.swift in Sources */,
				C14B188C2CB4E49B003597B8 /* HistoryViewModel.swift in Sources */,
			);
			runOnlyForDeploymentPostprocessing = 0;
		};
/* End PBXSourcesBuildPhase section */

/* Begin XCBuildConfiguration section */
		C14B18772CB3E3C0003597B8 /* Debug */ = {
			isa = XCBuildConfiguration;
			buildSettings = {
				ALWAYS_SEARCH_USER_PATHS = NO;
				ASSETCATALOG_COMPILER_GENERATE_SWIFT_ASSET_SYMBOL_EXTENSIONS = YES;
				CLANG_ANALYZER_NONNULL = YES;
				CLANG_ANALYZER_NUMBER_OBJECT_CONVERSION = YES_AGGRESSIVE;
				CLANG_CXX_LANGUAGE_STANDARD = "gnu++20";
				CLANG_ENABLE_MODULES = YES;
				CLANG_ENABLE_OBJC_ARC = YES;
				CLANG_ENABLE_OBJC_WEAK = YES;
				CLANG_WARN_BLOCK_CAPTURE_AUTORELEASING = YES;
				CLANG_WARN_BOOL_CONVERSION = YES;
				CLANG_WARN_COMMA = YES;
				CLANG_WARN_CONSTANT_CONVERSION = YES;
				CLANG_WARN_DEPRECATED_OBJC_IMPLEMENTATIONS = YES;
				CLANG_WARN_DIRECT_OBJC_ISA_USAGE = YES_ERROR;
				CLANG_WARN_DOCUMENTATION_COMMENTS = YES;
				CLANG_WARN_EMPTY_BODY = YES;
				CLANG_WARN_ENUM_CONVERSION = YES;
				CLANG_WARN_INFINITE_RECURSION = YES;
				CLANG_WARN_INT_CONVERSION = YES;
				CLANG_WARN_NON_LITERAL_NULL_CONVERSION = YES;
				CLANG_WARN_OBJC_IMPLICIT_RETAIN_SELF = YES;
				CLANG_WARN_OBJC_LITERAL_CONVERSION = YES;
				CLANG_WARN_OBJC_ROOT_CLASS = YES_ERROR;
				CLANG_WARN_QUOTED_INCLUDE_IN_FRAMEWORK_HEADER = YES;
				CLANG_WARN_RANGE_LOOP_ANALYSIS = YES;
				CLANG_WARN_STRICT_PROTOTYPES = YES;
				CLANG_WARN_SUSPICIOUS_MOVE = YES;
				CLANG_WARN_UNGUARDED_AVAILABILITY = YES_AGGRESSIVE;
				CLANG_WARN_UNREACHABLE_CODE = YES;
				CLANG_WARN__DUPLICATE_METHOD_MATCH = YES;
				COPY_PHASE_STRIP = NO;
				DEBUG_INFORMATION_FORMAT = dwarf;
				ENABLE_STRICT_OBJC_MSGSEND = YES;
				ENABLE_TESTABILITY = YES;
				ENABLE_USER_SCRIPT_SANDBOXING = YES;
				GCC_C_LANGUAGE_STANDARD = gnu17;
				GCC_DYNAMIC_NO_PIC = NO;
				GCC_NO_COMMON_BLOCKS = YES;
				GCC_OPTIMIZATION_LEVEL = 0;
				GCC_PREPROCESSOR_DEFINITIONS = (
					"DEBUG=1",
					"$(inherited)",
				);
				GCC_WARN_64_TO_32_BIT_CONVERSION = YES;
				GCC_WARN_ABOUT_RETURN_TYPE = YES_ERROR;
				GCC_WARN_UNDECLARED_SELECTOR = YES;
				GCC_WARN_UNINITIALIZED_AUTOS = YES_AGGRESSIVE;
				GCC_WARN_UNUSED_FUNCTION = YES;
				GCC_WARN_UNUSED_VARIABLE = YES;
				IPHONEOS_DEPLOYMENT_TARGET = 15.0;
				LOCALIZATION_PREFERS_STRING_CATALOGS = YES;
				MTL_ENABLE_DEBUG_INFO = INCLUDE_SOURCE;
				MTL_FAST_MATH = YES;
				ONLY_ACTIVE_ARCH = YES;
				SDKROOT = iphoneos;
				SWIFT_ACTIVE_COMPILATION_CONDITIONS = "DEBUG $(inherited)";
				SWIFT_OPTIMIZATION_LEVEL = "-Onone";
			};
			name = Debug;
		};
		C14B18782CB3E3C0003597B8 /* Release */ = {
			isa = XCBuildConfiguration;
			buildSettings = {
				ALWAYS_SEARCH_USER_PATHS = NO;
				ASSETCATALOG_COMPILER_GENERATE_SWIFT_ASSET_SYMBOL_EXTENSIONS = YES;
				CLANG_ANALYZER_NONNULL = YES;
				CLANG_ANALYZER_NUMBER_OBJECT_CONVERSION = YES_AGGRESSIVE;
				CLANG_CXX_LANGUAGE_STANDARD = "gnu++20";
				CLANG_ENABLE_MODULES = YES;
				CLANG_ENABLE_OBJC_ARC = YES;
				CLANG_ENABLE_OBJC_WEAK = YES;
				CLANG_WARN_BLOCK_CAPTURE_AUTORELEASING = YES;
				CLANG_WARN_BOOL_CONVERSION = YES;
				CLANG_WARN_COMMA = YES;
				CLANG_WARN_CONSTANT_CONVERSION = YES;
				CLANG_WARN_DEPRECATED_OBJC_IMPLEMENTATIONS = YES;
				CLANG_WARN_DIRECT_OBJC_ISA_USAGE = YES_ERROR;
				CLANG_WARN_DOCUMENTATION_COMMENTS = YES;
				CLANG_WARN_EMPTY_BODY = YES;
				CLANG_WARN_ENUM_CONVERSION = YES;
				CLANG_WARN_INFINITE_RECURSION = YES;
				CLANG_WARN_INT_CONVERSION = YES;
				CLANG_WARN_NON_LITERAL_NULL_CONVERSION = YES;
				CLANG_WARN_OBJC_IMPLICIT_RETAIN_SELF = YES;
				CLANG_WARN_OBJC_LITERAL_CONVERSION = YES;
				CLANG_WARN_OBJC_ROOT_CLASS = YES_ERROR;
				CLANG_WARN_QUOTED_INCLUDE_IN_FRAMEWORK_HEADER = YES;
				CLANG_WARN_RANGE_LOOP_ANALYSIS = YES;
				CLANG_WARN_STRICT_PROTOTYPES = YES;
				CLANG_WARN_SUSPICIOUS_MOVE = YES;
				CLANG_WARN_UNGUARDED_AVAILABILITY = YES_AGGRESSIVE;
				CLANG_WARN_UNREACHABLE_CODE = YES;
				CLANG_WARN__DUPLICATE_METHOD_MATCH = YES;
				COPY_PHASE_STRIP = NO;
				DEBUG_INFORMATION_FORMAT = "dwarf-with-dsym";
				ENABLE_NS_ASSERTIONS = NO;
				ENABLE_STRICT_OBJC_MSGSEND = YES;
				ENABLE_USER_SCRIPT_SANDBOXING = YES;
				GCC_C_LANGUAGE_STANDARD = gnu17;
				GCC_NO_COMMON_BLOCKS = YES;
				GCC_WARN_64_TO_32_BIT_CONVERSION = YES;
				GCC_WARN_ABOUT_RETURN_TYPE = YES_ERROR;
				GCC_WARN_UNDECLARED_SELECTOR = YES;
				GCC_WARN_UNINITIALIZED_AUTOS = YES_AGGRESSIVE;
				GCC_WARN_UNUSED_FUNCTION = YES;
				GCC_WARN_UNUSED_VARIABLE = YES;
				IPHONEOS_DEPLOYMENT_TARGET = 15.0;
				LOCALIZATION_PREFERS_STRING_CATALOGS = YES;
				MTL_ENABLE_DEBUG_INFO = NO;
				MTL_FAST_MATH = YES;
				SDKROOT = iphoneos;
				SWIFT_COMPILATION_MODE = wholemodule;
				VALIDATE_PRODUCT = YES;
			};
			name = Release;
		};
		C14B187A2CB3E3C0003597B8 /* Debug */ = {
			isa = XCBuildConfiguration;
			buildSettings = {
				ASSETCATALOG_COMPILER_APPICON_NAME = AppIcon;
				ASSETCATALOG_COMPILER_GLOBAL_ACCENT_COLOR_NAME = AccentColor;
				CODE_SIGN_ENTITLEMENTS = step_win_goal/step_win_goal.entitlements;
				CODE_SIGN_STYLE = Automatic;
				CURRENT_PROJECT_VERSION = 1;
				DEVELOPMENT_ASSET_PATHS = "";
				DEVELOPMENT_TEAM = LNZDPFF253;
				ENABLE_PREVIEWS = YES;
				GENERATE_INFOPLIST_FILE = YES;
				INFOPLIST_FILE = "step-win-goal-Info.plist";
				INFOPLIST_KEY_CFBundleDisplayName = "Step Win Goal";
				INFOPLIST_KEY_NSHealthShareUsageDescription = "This app uses HealthKit for detecting steps, cals, and activity.";
				INFOPLIST_KEY_UIApplicationSceneManifest_Generation = YES;
				INFOPLIST_KEY_UIApplicationSupportsIndirectInputEvents = YES;
				INFOPLIST_KEY_UISupportedInterfaceOrientations_iPad = "UIInterfaceOrientationPortrait UIInterfaceOrientationPortraitUpsideDown UIInterfaceOrientationLandscapeLeft UIInterfaceOrientationLandscapeRight";
				INFOPLIST_KEY_UISupportedInterfaceOrientations_iPhone = "UIInterfaceOrientationPortrait UIInterfaceOrientationLandscapeLeft UIInterfaceOrientationLandscapeRight";
				IPHONEOS_DEPLOYMENT_TARGET = 15.0;
				LD_RUNPATH_SEARCH_PATHS = (
					"$(inherited)",
					"@executable_path/Frameworks",
				);
				MARKETING_VERSION = 1.0;
				PRODUCT_BUNDLE_IDENTIFIER = "smkhlv.step-win-goal";
				PRODUCT_NAME = "$(TARGET_NAME)";
				SWIFT_EMIT_LOC_STRINGS = YES;
				SWIFT_VERSION = 5.0;
				TARGETED_DEVICE_FAMILY = "1,2";
			};
			name = Debug;
		};
		C14B187B2CB3E3C0003597B8 /* Release */ = {
			isa = XCBuildConfiguration;
			buildSettings = {
				ASSETCATALOG_COMPILER_APPICON_NAME = AppIcon;
				ASSETCATALOG_COMPILER_GLOBAL_ACCENT_COLOR_NAME = AccentColor;
				CODE_SIGN_ENTITLEMENTS = step_win_goal/step_win_goal.entitlements;
				CODE_SIGN_STYLE = Automatic;
				CURRENT_PROJECT_VERSION = 1;
				DEVELOPMENT_ASSET_PATHS = "";
				DEVELOPMENT_TEAM = LNZDPFF253;
				ENABLE_PREVIEWS = YES;
				GENERATE_INFOPLIST_FILE = YES;
				INFOPLIST_FILE = "step-win-goal-Info.plist";
				INFOPLIST_KEY_CFBundleDisplayName = "Step Win Goal";
				INFOPLIST_KEY_NSHealthShareUsageDescription = "This app uses HealthKit for detecting steps, cals, and activity.";
				INFOPLIST_KEY_UIApplicationSceneManifest_Generation = YES;
				INFOPLIST_KEY_UIApplicationSupportsIndirectInputEvents = YES;
				INFOPLIST_KEY_UISupportedInterfaceOrientations_iPad = "UIInterfaceOrientationPortrait UIInterfaceOrientationPortraitUpsideDown UIInterfaceOrientationLandscapeLeft UIInterfaceOrientationLandscapeRight";
				INFOPLIST_KEY_UISupportedInterfaceOrientations_iPhone = "UIInterfaceOrientationPortrait UIInterfaceOrientationLandscapeLeft UIInterfaceOrientationLandscapeRight";
				IPHONEOS_DEPLOYMENT_TARGET = 15.0;
				LD_RUNPATH_SEARCH_PATHS = (
					"$(inherited)",
					"@executable_path/Frameworks",
				);
				MARKETING_VERSION = 1.0;
				PRODUCT_BUNDLE_IDENTIFIER = "smkhlv.step-win-goal";
				PRODUCT_NAME = "$(TARGET_NAME)";
				SWIFT_EMIT_LOC_STRINGS = YES;
				SWIFT_VERSION = 5.0;
				TARGETED_DEVICE_FAMILY = "1,2";
			};
			name = Release;
		};
/* End XCBuildConfiguration section */

/* Begin XCConfigurationList section */
		C14B18662CB3E3BE003597B8 /* Build configuration list for PBXProject "step_win_goal" */ = {
			isa = XCConfigurationList;
			buildConfigurations = (
				C14B18772CB3E3C0003597B8 /* Debug */,
				C14B18782CB3E3C0003597B8 /* Release */,
			);
			defaultConfigurationIsVisible = 0;
			defaultConfigurationName = Release;
		};
		C14B18792CB3E3C0003597B8 /* Build configuration list for PBXNativeTarget "step_win_goal" */ = {
			isa = XCConfigurationList;
			buildConfigurations = (
				C14B187A2CB3E3C0003597B8 /* Debug */,
				C14B187B2CB3E3C0003597B8 /* Release */,
			);
			defaultConfigurationIsVisible = 0;
			defaultConfigurationName = Release;
		};
/* End XCConfigurationList section */

/* Begin XCRemoteSwiftPackageReference section */
		C14B189A2CB53EF0003597B8 /* XCRemoteSwiftPackageReference "SwiftUICharts" */ = {
			isa = XCRemoteSwiftPackageReference;
			repositoryURL = "https://github.com/mecid/SwiftUICharts";
			requirement = {
				kind = upToNextMajorVersion;
				minimumVersion = 0.8.3;
			};
		};
/* End XCRemoteSwiftPackageReference section */

/* Begin XCSwiftPackageProductDependency section */
		C14B189B2CB53EF0003597B8 /* SwiftUICharts */ = {
			isa = XCSwiftPackageProductDependency;
			package = C14B189A2CB53EF0003597B8 /* XCRemoteSwiftPackageReference "SwiftUICharts" */;
			productName = SwiftUICharts;
		};
/* End XCSwiftPackageProductDependency section */
	};
	rootObject = C14B18632CB3E3BE003597B8 /* Project object */;
}
